// !$*UTF8*$!
{
	archiveVersion = 1;
	classes = {
	};
	objectVersion = 51;
	objects = {

/* Begin PBXBuildFile section */
		2408C8C224F34AE5004D7F8E /* HomeScreenViewController.swift in Sources */ = {isa = PBXBuildFile; fileRef = 2408C8C124F34AE5004D7F8E /* HomeScreenViewController.swift */; };
		2408C8C624F441E9004D7F8E /* SignUpViewController.swift in Sources */ = {isa = PBXBuildFile; fileRef = 2408C8C524F441E9004D7F8E /* SignUpViewController.swift */; };
		24103E88262A437D00BEC845 /* ChatListControllerTableViewController.swift in Sources */ = {isa = PBXBuildFile; fileRef = 24103E87262A437D00BEC845 /* ChatListControllerTableViewController.swift */; };
		24103E8B262A5C3D00BEC845 /* ChatViewController.swift in Sources */ = {isa = PBXBuildFile; fileRef = 24103E8A262A5C3D00BEC845 /* ChatViewController.swift */; };
		242C28F226156E6700C86643 /* ReportBugViewController.swift in Sources */ = {isa = PBXBuildFile; fileRef = 242C28F126156E6700C86643 /* ReportBugViewController.swift */; };
		242C28F52615874300C86643 /* SettingsViewController.swift in Sources */ = {isa = PBXBuildFile; fileRef = 242C28F42615874200C86643 /* SettingsViewController.swift */; };
		24414A1F2614184A00D71D2D /* CreateChapterController.swift in Sources */ = {isa = PBXBuildFile; fileRef = 24414A1E2614184A00D71D2D /* CreateChapterController.swift */; };
		24414A232614644B00D71D2D /* CreateChapterViewController.swift in Sources */ = {isa = PBXBuildFile; fileRef = 24414A222614644B00D71D2D /* CreateChapterViewController.swift */; };
		24414A2626146C3F00D71D2D /* JoinChapterViewController.swift in Sources */ = {isa = PBXBuildFile; fileRef = 24414A2526146C3F00D71D2D /* JoinChapterViewController.swift */; };
		2442929C2612A4190091C9CA /* Globals.swift in Sources */ = {isa = PBXBuildFile; fileRef = 2442929B2612A4190091C9CA /* Globals.swift */; };
		2452E718262AA7C4000FC384 /* Message.swift in Sources */ = {isa = PBXBuildFile; fileRef = 2452E717262AA7C3000FC384 /* Message.swift */; };
		24AC498524F84D6B007FCB1C /* VerifyViewController.swift in Sources */ = {isa = PBXBuildFile; fileRef = 24AC498424F84D6A007FCB1C /* VerifyViewController.swift */; };
		24CC9EA824F2355C00B5E88C /* AppDelegate.swift in Sources */ = {isa = PBXBuildFile; fileRef = 24CC9EA724F2355C00B5E88C /* AppDelegate.swift */; };
		24CC9EAA24F2355C00B5E88C /* SceneDelegate.swift in Sources */ = {isa = PBXBuildFile; fileRef = 24CC9EA924F2355C00B5E88C /* SceneDelegate.swift */; };
		24CC9EAC24F2355C00B5E88C /* ViewController.swift in Sources */ = {isa = PBXBuildFile; fileRef = 24CC9EAB24F2355C00B5E88C /* ViewController.swift */; };
		24CC9EAF24F2355C00B5E88C /* Main.storyboard in Resources */ = {isa = PBXBuildFile; fileRef = 24CC9EAD24F2355C00B5E88C /* Main.storyboard */; };
		24CC9EB124F2356300B5E88C /* Assets.xcassets in Resources */ = {isa = PBXBuildFile; fileRef = 24CC9EB024F2356300B5E88C /* Assets.xcassets */; };
		24CC9EB424F2356300B5E88C /* LaunchScreen.storyboard in Resources */ = {isa = PBXBuildFile; fileRef = 24CC9EB224F2356300B5E88C /* LaunchScreen.storyboard */; };
		8777F1C5ADBE7BB5D45D9A4D /* Pods_Gather.framework in Frameworks */ = {isa = PBXBuildFile; fileRef = 12708B50568F127CBDC45C33 /* Pods_Gather.framework */; };
/* End PBXBuildFile section */

/* Begin PBXFileReference section */
		12708B50568F127CBDC45C33 /* Pods_Gather.framework */ = {isa = PBXFileReference; explicitFileType = wrapper.framework; includeInIndex = 0; path = Pods_Gather.framework; sourceTree = BUILT_PRODUCTS_DIR; };
		2408C8C124F34AE5004D7F8E /* HomeScreenViewController.swift */ = {isa = PBXFileReference; lastKnownFileType = sourcecode.swift; path = HomeScreenViewController.swift; sourceTree = "<group>"; };
		2408C8C524F441E9004D7F8E /* SignUpViewController.swift */ = {isa = PBXFileReference; lastKnownFileType = sourcecode.swift; path = SignUpViewController.swift; sourceTree = "<group>"; };
		24103E87262A437D00BEC845 /* ChatListControllerTableViewController.swift */ = {isa = PBXFileReference; lastKnownFileType = sourcecode.swift; path = ChatListControllerTableViewController.swift; sourceTree = "<group>"; };
		24103E8A262A5C3D00BEC845 /* ChatViewController.swift */ = {isa = PBXFileReference; lastKnownFileType = sourcecode.swift; path = ChatViewController.swift; sourceTree = "<group>"; };
		242C28F126156E6700C86643 /* ReportBugViewController.swift */ = {isa = PBXFileReference; lastKnownFileType = sourcecode.swift; path = ReportBugViewController.swift; sourceTree = "<group>"; };
		242C28F42615874200C86643 /* SettingsViewController.swift */ = {isa = PBXFileReference; lastKnownFileType = sourcecode.swift; path = SettingsViewController.swift; sourceTree = "<group>"; };
		24414A1E2614184A00D71D2D /* CreateChapterController.swift */ = {isa = PBXFileReference; lastKnownFileType = sourcecode.swift; path = CreateChapterController.swift; sourceTree = "<group>"; };
		24414A222614644B00D71D2D /* CreateChapterViewController.swift */ = {isa = PBXFileReference; lastKnownFileType = sourcecode.swift; path = CreateChapterViewController.swift; sourceTree = "<group>"; };
		24414A2526146C3F00D71D2D /* JoinChapterViewController.swift */ = {isa = PBXFileReference; lastKnownFileType = sourcecode.swift; path = JoinChapterViewController.swift; sourceTree = "<group>"; };
		24429292261052570091C9CA /* Gather.entitlements */ = {isa = PBXFileReference; lastKnownFileType = text.plist.entitlements; path = Gather.entitlements; sourceTree = "<group>"; };
		24429295261053750091C9CA /* README.md */ = {isa = PBXFileReference; lastKnownFileType = net.daringfireball.markdown; path = README.md; sourceTree = "<group>"; };
		2442929B2612A4190091C9CA /* Globals.swift */ = {isa = PBXFileReference; lastKnownFileType = sourcecode.swift; path = Globals.swift; sourceTree = "<group>"; };
		2452E717262AA7C3000FC384 /* Message.swift */ = {isa = PBXFileReference; lastKnownFileType = sourcecode.swift; path = Message.swift; sourceTree = "<group>"; };
		24AC498424F84D6A007FCB1C /* VerifyViewController.swift */ = {isa = PBXFileReference; lastKnownFileType = sourcecode.swift; path = VerifyViewController.swift; sourceTree = "<group>"; };
		24CC9EA424F2355C00B5E88C /* Gather.app */ = {isa = PBXFileReference; explicitFileType = wrapper.application; includeInIndex = 0; path = Gather.app; sourceTree = BUILT_PRODUCTS_DIR; };
		24CC9EA724F2355C00B5E88C /* AppDelegate.swift */ = {isa = PBXFileReference; lastKnownFileType = sourcecode.swift; path = AppDelegate.swift; sourceTree = "<group>"; };
		24CC9EA924F2355C00B5E88C /* SceneDelegate.swift */ = {isa = PBXFileReference; lastKnownFileType = sourcecode.swift; path = SceneDelegate.swift; sourceTree = "<group>"; };
		24CC9EAB24F2355C00B5E88C /* ViewController.swift */ = {isa = PBXFileReference; lastKnownFileType = sourcecode.swift; path = ViewController.swift; sourceTree = "<group>"; };
		24CC9EAE24F2355C00B5E88C /* Base */ = {isa = PBXFileReference; lastKnownFileType = file.storyboard; name = Base; path = Base.lproj/Main.storyboard; sourceTree = "<group>"; };
		24CC9EB024F2356300B5E88C /* Assets.xcassets */ = {isa = PBXFileReference; lastKnownFileType = folder.assetcatalog; path = Assets.xcassets; sourceTree = "<group>"; };
		24CC9EB324F2356300B5E88C /* Base */ = {isa = PBXFileReference; lastKnownFileType = file.storyboard; name = Base; path = Base.lproj/LaunchScreen.storyboard; sourceTree = "<group>"; };
		24CC9EB524F2356300B5E88C /* Info.plist */ = {isa = PBXFileReference; lastKnownFileType = text.plist.xml; path = Info.plist; sourceTree = "<group>"; };
		288F0735076AA82D61746C71 /* Pods-Gather.release.xcconfig */ = {isa = PBXFileReference; includeInIndex = 1; lastKnownFileType = text.xcconfig; name = "Pods-Gather.release.xcconfig"; path = "Target Support Files/Pods-Gather/Pods-Gather.release.xcconfig"; sourceTree = "<group>"; };
		3F4EA44C0D3F96709675D1B0 /* Pods-Gather.debug.xcconfig */ = {isa = PBXFileReference; includeInIndex = 1; lastKnownFileType = text.xcconfig; name = "Pods-Gather.debug.xcconfig"; path = "Target Support Files/Pods-Gather/Pods-Gather.debug.xcconfig"; sourceTree = "<group>"; };
		500AF8A40EED9A16ED1A878D /* Pods-FBLA.release.xcconfig */ = {isa = PBXFileReference; includeInIndex = 1; lastKnownFileType = text.xcconfig; name = "Pods-FBLA.release.xcconfig"; path = "Target Support Files/Pods-FBLA/Pods-FBLA.release.xcconfig"; sourceTree = "<group>"; };
		C29C9F1FA4618A901BF49765 /* Pods-FBLA.debug.xcconfig */ = {isa = PBXFileReference; includeInIndex = 1; lastKnownFileType = text.xcconfig; name = "Pods-FBLA.debug.xcconfig"; path = "Target Support Files/Pods-FBLA/Pods-FBLA.debug.xcconfig"; sourceTree = "<group>"; };
/* End PBXFileReference section */

/* Begin PBXFrameworksBuildPhase section */
		24CC9EA124F2355C00B5E88C /* Frameworks */ = {
			isa = PBXFrameworksBuildPhase;
			buildActionMask = 2147483647;
			files = (
				8777F1C5ADBE7BB5D45D9A4D /* Pods_Gather.framework in Frameworks */,
			);
			runOnlyForDeploymentPostprocessing = 0;
		};
/* End PBXFrameworksBuildPhase section */

/* Begin PBXGroup section */
		24CC9E9B24F2355B00B5E88C = {
			isa = PBXGroup;
			children = (
				24CC9EA624F2355C00B5E88C /* Gather */,
				24CC9EA524F2355C00B5E88C /* Products */,
				E669F21D3370F5FB728D048E /* Pods */,
				768C6DB65395D58A384323FB /* Frameworks */,
			);
			sourceTree = "<group>";
		};
		24CC9EA524F2355C00B5E88C /* Products */ = {
			isa = PBXGroup;
			children = (
				24CC9EA424F2355C00B5E88C /* Gather.app */,
			);
			name = Products;
			sourceTree = "<group>";
		};
		24CC9EA624F2355C00B5E88C /* Gather */ = {
			isa = PBXGroup;
			children = (
				24429292261052570091C9CA /* Gather.entitlements */,
				2408C8C524F441E9004D7F8E /* SignUpViewController.swift */,
				24AC498424F84D6A007FCB1C /* VerifyViewController.swift */,
				24414A1E2614184A00D71D2D /* CreateChapterController.swift */,
				24414A222614644B00D71D2D /* CreateChapterViewController.swift */,
				24414A2526146C3F00D71D2D /* JoinChapterViewController.swift */,
				2408C8C124F34AE5004D7F8E /* HomeScreenViewController.swift */,
				24CC9EA724F2355C00B5E88C /* AppDelegate.swift */,
				2442929B2612A4190091C9CA /* Globals.swift */,
				24CC9EA924F2355C00B5E88C /* SceneDelegate.swift */,
				24CC9EAB24F2355C00B5E88C /* ViewController.swift */,
				24CC9EAD24F2355C00B5E88C /* Main.storyboard */,
				24103E87262A437D00BEC845 /* ChatListControllerTableViewController.swift */,
				24103E8A262A5C3D00BEC845 /* ChatViewController.swift */,
				2452E717262AA7C3000FC384 /* Message.swift */,
				242C28F42615874200C86643 /* SettingsViewController.swift */,
				242C28F126156E6700C86643 /* ReportBugViewController.swift */,
				24CC9EB024F2356300B5E88C /* Assets.xcassets */,
				24CC9EB224F2356300B5E88C /* LaunchScreen.storyboard */,
				24CC9EB524F2356300B5E88C /* Info.plist */,
				24429295261053750091C9CA /* README.md */,
			);
			path = Gather;
			sourceTree = "<group>";
		};
		768C6DB65395D58A384323FB /* Frameworks */ = {
			isa = PBXGroup;
			children = (
				12708B50568F127CBDC45C33 /* Pods_Gather.framework */,
			);
			name = Frameworks;
			sourceTree = "<group>";
		};
		E669F21D3370F5FB728D048E /* Pods */ = {
			isa = PBXGroup;
			children = (
				C29C9F1FA4618A901BF49765 /* Pods-FBLA.debug.xcconfig */,
				500AF8A40EED9A16ED1A878D /* Pods-FBLA.release.xcconfig */,
				3F4EA44C0D3F96709675D1B0 /* Pods-Gather.debug.xcconfig */,
				288F0735076AA82D61746C71 /* Pods-Gather.release.xcconfig */,
			);
			path = Pods;
			sourceTree = "<group>";
		};
/* End PBXGroup section */

/* Begin PBXNativeTarget section */
		24CC9EA324F2355C00B5E88C /* Gather */ = {
			isa = PBXNativeTarget;
			buildConfigurationList = 24CC9EB824F2356300B5E88C /* Build configuration list for PBXNativeTarget "Gather" */;
			buildPhases = (
				ECA7843B6CA743DAC4EA4193 /* [CP] Check Pods Manifest.lock */,
				24CC9EA024F2355C00B5E88C /* Sources */,
				24CC9EA124F2355C00B5E88C /* Frameworks */,
				24CC9EA224F2355C00B5E88C /* Resources */,
				1B0BE2ACEC769ABBF0B31D66 /* [CP] Embed Pods Frameworks */,
			);
			buildRules = (
			);
			dependencies = (
			);
			name = Gather;
			productName = FBLA;
			productReference = 24CC9EA424F2355C00B5E88C /* Gather.app */;
			productType = "com.apple.product-type.application";
		};
/* End PBXNativeTarget section */

/* Begin PBXProject section */
		24CC9E9C24F2355C00B5E88C /* Project object */ = {
			isa = PBXProject;
			attributes = {
				LastSwiftUpdateCheck = 1160;
				LastUpgradeCheck = 1230;
				ORGANIZATIONNAME = "Brian Powell";
				TargetAttributes = {
					24CC9EA324F2355C00B5E88C = {
						CreatedOnToolsVersion = 11.6;
					};
				};
			};
			buildConfigurationList = 24CC9E9F24F2355C00B5E88C /* Build configuration list for PBXProject "Gather" */;
			compatibilityVersion = "Xcode 9.3";
			developmentRegion = en;
			hasScannedForEncodings = 0;
			knownRegions = (
				en,
				Base,
			);
			mainGroup = 24CC9E9B24F2355B00B5E88C;
			productRefGroup = 24CC9EA524F2355C00B5E88C /* Products */;
			projectDirPath = "";
			projectRoot = "";
			targets = (
				24CC9EA324F2355C00B5E88C /* Gather */,
			);
		};
/* End PBXProject section */

/* Begin PBXResourcesBuildPhase section */
		24CC9EA224F2355C00B5E88C /* Resources */ = {
			isa = PBXResourcesBuildPhase;
			buildActionMask = 2147483647;
			files = (
				24CC9EB424F2356300B5E88C /* LaunchScreen.storyboard in Resources */,
				24CC9EB124F2356300B5E88C /* Assets.xcassets in Resources */,
				24CC9EAF24F2355C00B5E88C /* Main.storyboard in Resources */,
			);
			runOnlyForDeploymentPostprocessing = 0;
		};
/* End PBXResourcesBuildPhase section */

/* Begin PBXShellScriptBuildPhase section */
		1B0BE2ACEC769ABBF0B31D66 /* [CP] Embed Pods Frameworks */ = {
			isa = PBXShellScriptBuildPhase;
			buildActionMask = 2147483647;
			files = (
			);
			inputFileListPaths = (
				"${PODS_ROOT}/Target Support Files/Pods-Gather/Pods-Gather-frameworks-${CONFIGURATION}-input-files.xcfilelist",
			);
			name = "[CP] Embed Pods Frameworks";
			outputFileListPaths = (
				"${PODS_ROOT}/Target Support Files/Pods-Gather/Pods-Gather-frameworks-${CONFIGURATION}-output-files.xcfilelist",
			);
			runOnlyForDeploymentPostprocessing = 0;
			shellPath = /bin/sh;
			shellScript = "\"${PODS_ROOT}/Target Support Files/Pods-Gather/Pods-Gather-frameworks.sh\"\n";
			showEnvVarsInLog = 0;
		};
		ECA7843B6CA743DAC4EA4193 /* [CP] Check Pods Manifest.lock */ = {
			isa = PBXShellScriptBuildPhase;
			buildActionMask = 2147483647;
			files = (
			);
			inputFileListPaths = (
			);
			inputPaths = (
				"${PODS_PODFILE_DIR_PATH}/Podfile.lock",
				"${PODS_ROOT}/Manifest.lock",
			);
			name = "[CP] Check Pods Manifest.lock";
			outputFileListPaths = (
			);
			outputPaths = (
				"$(DERIVED_FILE_DIR)/Pods-Gather-checkManifestLockResult.txt",
			);
			runOnlyForDeploymentPostprocessing = 0;
			shellPath = /bin/sh;
			shellScript = "diff \"${PODS_PODFILE_DIR_PATH}/Podfile.lock\" \"${PODS_ROOT}/Manifest.lock\" > /dev/null\nif [ $? != 0 ] ; then\n    # print error to STDERR\n    echo \"error: The sandbox is not in sync with the Podfile.lock. Run 'pod install' or update your CocoaPods installation.\" >&2\n    exit 1\nfi\n# This output is used by Xcode 'outputs' to avoid re-running this script phase.\necho \"SUCCESS\" > \"${SCRIPT_OUTPUT_FILE_0}\"\n";
			showEnvVarsInLog = 0;
		};
/* End PBXShellScriptBuildPhase section */

/* Begin PBXSourcesBuildPhase section */
		24CC9EA024F2355C00B5E88C /* Sources */ = {
			isa = PBXSourcesBuildPhase;
			buildActionMask = 2147483647;
			files = (
				24CC9EAC24F2355C00B5E88C /* ViewController.swift in Sources */,
				242C28F226156E6700C86643 /* ReportBugViewController.swift in Sources */,
				2408C8C224F34AE5004D7F8E /* HomeScreenViewController.swift in Sources */,
				2442929C2612A4190091C9CA /* Globals.swift in Sources */,
				24CC9EA824F2355C00B5E88C /* AppDelegate.swift in Sources */,
				24AC498524F84D6B007FCB1C /* VerifyViewController.swift in Sources */,
				24414A232614644B00D71D2D /* CreateChapterViewController.swift in Sources */,
				24CC9EAA24F2355C00B5E88C /* SceneDelegate.swift in Sources */,
				2408C8C624F441E9004D7F8E /* SignUpViewController.swift in Sources */,
				24103E88262A437D00BEC845 /* ChatListControllerTableViewController.swift in Sources */,
				24103E8B262A5C3D00BEC845 /* ChatViewController.swift in Sources */,
				24414A2626146C3F00D71D2D /* JoinChapterViewController.swift in Sources */,
				2452E718262AA7C4000FC384 /* Message.swift in Sources */,
				24414A1F2614184A00D71D2D /* CreateChapterController.swift in Sources */,
				242C28F52615874300C86643 /* SettingsViewController.swift in Sources */,
			);
			runOnlyForDeploymentPostprocessing = 0;
		};
/* End PBXSourcesBuildPhase section */

/* Begin PBXVariantGroup section */
		24CC9EAD24F2355C00B5E88C /* Main.storyboard */ = {
			isa = PBXVariantGroup;
			children = (
				24CC9EAE24F2355C00B5E88C /* Base */,
			);
			name = Main.storyboard;
			sourceTree = "<group>";
		};
		24CC9EB224F2356300B5E88C /* LaunchScreen.storyboard */ = {
			isa = PBXVariantGroup;
			children = (
				24CC9EB324F2356300B5E88C /* Base */,
			);
			name = LaunchScreen.storyboard;
			sourceTree = "<group>";
		};
/* End PBXVariantGroup section */

/* Begin XCBuildConfiguration section */
		24CC9EB624F2356300B5E88C /* Debug */ = {
			isa = XCBuildConfiguration;
			buildSettings = {
				ALWAYS_SEARCH_USER_PATHS = NO;
				CLANG_ANALYZER_NONNULL = YES;
				CLANG_ANALYZER_NUMBER_OBJECT_CONVERSION = YES_AGGRESSIVE;
				CLANG_CXX_LANGUAGE_STANDARD = "gnu++14";
				CLANG_CXX_LIBRARY = "libc++";
				CLANG_ENABLE_MODULES = YES;
				CLANG_ENABLE_OBJC_ARC = YES;
				CLANG_ENABLE_OBJC_WEAK = YES;
				CLANG_WARN_BLOCK_CAPTURE_AUTORELEASING = YES;
				CLANG_WARN_BOOL_CONVERSION = YES;
				CLANG_WARN_COMMA = YES;
				CLANG_WARN_CONSTANT_CONVERSION = YES;
				CLANG_WARN_DEPRECATED_OBJC_IMPLEMENTATIONS = YES;
				CLANG_WARN_DIRECT_OBJC_ISA_USAGE = YES_ERROR;
				CLANG_WARN_DOCUMENTATION_COMMENTS = YES;
				CLANG_WARN_EMPTY_BODY = YES;
				CLANG_WARN_ENUM_CONVERSION = YES;
				CLANG_WARN_INFINITE_RECURSION = YES;
				CLANG_WARN_INT_CONVERSION = YES;
				CLANG_WARN_NON_LITERAL_NULL_CONVERSION = YES;
				CLANG_WARN_OBJC_IMPLICIT_RETAIN_SELF = YES;
				CLANG_WARN_OBJC_LITERAL_CONVERSION = YES;
				CLANG_WARN_OBJC_ROOT_CLASS = YES_ERROR;
				CLANG_WARN_QUOTED_INCLUDE_IN_FRAMEWORK_HEADER = YES;
				CLANG_WARN_RANGE_LOOP_ANALYSIS = YES;
				CLANG_WARN_STRICT_PROTOTYPES = YES;
				CLANG_WARN_SUSPICIOUS_MOVE = YES;
				CLANG_WARN_UNGUARDED_AVAILABILITY = YES_AGGRESSIVE;
				CLANG_WARN_UNREACHABLE_CODE = YES;
				CLANG_WARN__DUPLICATE_METHOD_MATCH = YES;
				COPY_PHASE_STRIP = NO;
				DEBUG_INFORMATION_FORMAT = dwarf;
				ENABLE_STRICT_OBJC_MSGSEND = YES;
				ENABLE_TESTABILITY = YES;
				GCC_C_LANGUAGE_STANDARD = gnu11;
				GCC_DYNAMIC_NO_PIC = NO;
				GCC_NO_COMMON_BLOCKS = YES;
				GCC_OPTIMIZATION_LEVEL = 0;
				GCC_PREPROCESSOR_DEFINITIONS = (
					"DEBUG=1",
					"$(inherited)",
				);
				GCC_WARN_64_TO_32_BIT_CONVERSION = YES;
				GCC_WARN_ABOUT_RETURN_TYPE = YES_ERROR;
				GCC_WARN_UNDECLARED_SELECTOR = YES;
				GCC_WARN_UNINITIALIZED_AUTOS = YES_AGGRESSIVE;
				GCC_WARN_UNUSED_FUNCTION = YES;
				GCC_WARN_UNUSED_VARIABLE = YES;
				IPHONEOS_DEPLOYMENT_TARGET = 12.0;
				MTL_ENABLE_DEBUG_INFO = INCLUDE_SOURCE;
				MTL_FAST_MATH = YES;
				ONLY_ACTIVE_ARCH = YES;
				SDKROOT = iphoneos;
				SWIFT_ACTIVE_COMPILATION_CONDITIONS = DEBUG;
				SWIFT_OPTIMIZATION_LEVEL = "-Onone";
			};
			name = Debug;
		};
		24CC9EB724F2356300B5E88C /* Release */ = {
			isa = XCBuildConfiguration;
			buildSettings = {
				ALWAYS_SEARCH_USER_PATHS = NO;
				CLANG_ANALYZER_NONNULL = YES;
				CLANG_ANALYZER_NUMBER_OBJECT_CONVERSION = YES_AGGRESSIVE;
				CLANG_CXX_LANGUAGE_STANDARD = "gnu++14";
				CLANG_CXX_LIBRARY = "libc++";
				CLANG_ENABLE_MODULES = YES;
				CLANG_ENABLE_OBJC_ARC = YES;
				CLANG_ENABLE_OBJC_WEAK = YES;
				CLANG_WARN_BLOCK_CAPTURE_AUTORELEASING = YES;
				CLANG_WARN_BOOL_CONVERSION = YES;
				CLANG_WARN_COMMA = YES;
				CLANG_WARN_CONSTANT_CONVERSION = YES;
				CLANG_WARN_DEPRECATED_OBJC_IMPLEMENTATIONS = YES;
				CLANG_WARN_DIRECT_OBJC_ISA_USAGE = YES_ERROR;
				CLANG_WARN_DOCUMENTATION_COMMENTS = YES;
				CLANG_WARN_EMPTY_BODY = YES;
				CLANG_WARN_ENUM_CONVERSION = YES;
				CLANG_WARN_INFINITE_RECURSION = YES;
				CLANG_WARN_INT_CONVERSION = YES;
				CLANG_WARN_NON_LITERAL_NULL_CONVERSION = YES;
				CLANG_WARN_OBJC_IMPLICIT_RETAIN_SELF = YES;
				CLANG_WARN_OBJC_LITERAL_CONVERSION = YES;
				CLANG_WARN_OBJC_ROOT_CLASS = YES_ERROR;
				CLANG_WARN_QUOTED_INCLUDE_IN_FRAMEWORK_HEADER = YES;
				CLANG_WARN_RANGE_LOOP_ANALYSIS = YES;
				CLANG_WARN_STRICT_PROTOTYPES = YES;
				CLANG_WARN_SUSPICIOUS_MOVE = YES;
				CLANG_WARN_UNGUARDED_AVAILABILITY = YES_AGGRESSIVE;
				CLANG_WARN_UNREACHABLE_CODE = YES;
				CLANG_WARN__DUPLICATE_METHOD_MATCH = YES;
				COPY_PHASE_STRIP = NO;
				DEBUG_INFORMATION_FORMAT = "dwarf-with-dsym";
				ENABLE_NS_ASSERTIONS = NO;
				ENABLE_STRICT_OBJC_MSGSEND = YES;
				GCC_C_LANGUAGE_STANDARD = gnu11;
				GCC_NO_COMMON_BLOCKS = YES;
				GCC_WARN_64_TO_32_BIT_CONVERSION = YES;
				GCC_WARN_ABOUT_RETURN_TYPE = YES_ERROR;
				GCC_WARN_UNDECLARED_SELECTOR = YES;
				GCC_WARN_UNINITIALIZED_AUTOS = YES_AGGRESSIVE;
				GCC_WARN_UNUSED_FUNCTION = YES;
				GCC_WARN_UNUSED_VARIABLE = YES;
				IPHONEOS_DEPLOYMENT_TARGET = 12.0;
				MTL_ENABLE_DEBUG_INFO = NO;
				MTL_FAST_MATH = YES;
				SDKROOT = iphoneos;
				SWIFT_COMPILATION_MODE = wholemodule;
				SWIFT_OPTIMIZATION_LEVEL = "-O";
				VALIDATE_PRODUCT = YES;
			};
			name = Release;
		};
		24CC9EB924F2356300B5E88C /* Debug */ = {
			isa = XCBuildConfiguration;
			baseConfigurationReference = 3F4EA44C0D3F96709675D1B0 /* Pods-Gather.debug.xcconfig */;
			buildSettings = {
				ASSETCATALOG_COMPILER_APPICON_NAME = AppIcon;
				CODE_SIGN_ENTITLEMENTS = Gather/Gather.entitlements;
				CODE_SIGN_STYLE = Automatic;
				DEVELOPMENT_TEAM = 8A4BHB2288;
				INFOPLIST_FILE = Gather/Info.plist;
				LD_RUNPATH_SEARCH_PATHS = (
					"$(inherited)",
					"@executable_path/Frameworks",
				);
				PRODUCT_BUNDLE_IDENTIFIER = roseburg.FBLA;
				PRODUCT_NAME = "$(TARGET_NAME)";
				SUPPORTS_MACCATALYST = YES;
				SWIFT_VERSION = 5.0;
				TARGETED_DEVICE_FAMILY = "1,2";
			};
			name = Debug;
		};
		24CC9EBA24F2356300B5E88C /* Release */ = {
			isa = XCBuildConfiguration;
			baseConfigurationReference = 288F0735076AA82D61746C71 /* Pods-Gather.release.xcconfig */;
			buildSettings = {
				ASSETCATALOG_COMPILER_APPICON_NAME = AppIcon;
				CODE_SIGN_ENTITLEMENTS = Gather/Gather.entitlements;
				CODE_SIGN_STYLE = Automatic;
				DEVELOPMENT_TEAM = 8A4BHB2288;
				INFOPLIST_FILE = Gather/Info.plist;
				LD_RUNPATH_SEARCH_PATHS = (
					"$(inherited)",
					"@executable_path/Frameworks",
				);
				PRODUCT_BUNDLE_IDENTIFIER = roseburg.FBLA;
				PRODUCT_NAME = "$(TARGET_NAME)";
				SUPPORTS_MACCATALYST = YES;
				SWIFT_VERSION = 5.0;
				TARGETED_DEVICE_FAMILY = "1,2";
			};
			name = Release;
		};
/* End XCBuildConfiguration section */

/* Begin XCConfigurationList section */
		24CC9E9F24F2355C00B5E88C /* Build configuration list for PBXProject "Gather" */ = {
			isa = XCConfigurationList;
			buildConfigurations = (
				24CC9EB624F2356300B5E88C /* Debug */,
				24CC9EB724F2356300B5E88C /* Release */,
			);
			defaultConfigurationIsVisible = 0;
			defaultConfigurationName = Release;
		};
		24CC9EB824F2356300B5E88C /* Build configuration list for PBXNativeTarget "Gather" */ = {
			isa = XCConfigurationList;
			buildConfigurations = (
				24CC9EB924F2356300B5E88C /* Debug */,
				24CC9EBA24F2356300B5E88C /* Release */,
			);
			defaultConfigurationIsVisible = 0;
			defaultConfigurationName = Release;
		};
/* End XCConfigurationList section */
	};
	rootObject = 24CC9E9C24F2355C00B5E88C /* Project object */;
}
